# This file was autogenerated by Stack.
# You should not edit this file by hand.
# For more information, please see the documentation at:
#   https://docs.haskellstack.org/en/stable/lock_files

packages:
- completed:
    hackage: acme-missiles-0.3@sha256:2ba66a092a32593880a87fb00f3213762d7bca65a687d45965778deb8694c5d1,613
    pantry-tree:
      size: 226
      sha256: 614bc0cca76937507ea0a5ccc17a504c997ce458d7f2f9e43b15a10c8eaeb033
  original:
    hackage: acme-missiles-0.3
- completed:
    hackage: fast-logger-3.0.5@sha256:fd430f998045aa86226faa29652ee797410a11edd9b77b709be1bedc96f77c4d,2398
    pantry-tree:
      size: 1148
      sha256: c22ca764ec8b5a718b778636d9a208de648ff421a9733abf5e8ea96abc34a621
  original:
    hackage: fast-logger-3.0.5
- completed:
    hackage: MissingH-1.4.3.0@sha256:efbbe7065e17bc01ed925593a0c5b5793ab857585a8e9d5015d0025e526ab55c,4702
    pantry-tree:
      size: 5271
      sha256: d3c9916fafe0b11b72c56862a5c578f35c3fdbe6ee203e4adeca9b0706ee1fe3
  original:
    hackage: MissingH-1.4.3.0@sha256:efbbe7065e17bc01ed925593a0c5b5793ab857585a8e9d5015d0025e526ab55c,4702
snapshots:
- completed:
    size: 585392
    url: https://raw.githubusercontent.com/commercialhaskell/stackage-snapshots/master/lts/18/2.yaml
    sha256: 7abb45c0cc5eb349448b66d8753655542d45d387ad26970419282eab3d860724
  original:
    url: https://raw.githubusercontent.com/commercialhaskell/stackage-snapshots/master/lts/18/2.yaml
